
Microsoft Visual Studio Solution File, Format Version 12.00
# Visual Studio Version 16
VisualStudioVersion = 16.0.28803.452
MinimumVisualStudioVersion = 10.0.40219.1
Project("{FAE04EC0-301F-11D3-BF4B-00C04F79EFBC}") = "VehicleRentalSystemWebApi", "VehicleRentalSystemWebApi\VehicleRentalSystemWebApi.csproj", "{1DFCA786-4C0C-4415-8BF3-C6CB1C82F3A4}"
EndProject
Global
	GlobalSection(SolutionConfigurationPlatforms) = preSolution
		Debug|Any CPU = Debug|Any CPU
		Release|Any CPU = Release|Any CPU
	EndGlobalSection
	GlobalSection(ProjectConfigurationPlatforms) = postSolution
		{1DFCA786-4C0C-4415-8BF3-C6CB1C82F3A4}.Debug|Any CPU.ActiveCfg = Debug|Any CPU
		{1DFCA786-4C0C-4415-8BF3-C6CB1C82F3A4}.Debug|Any CPU.Build.0 = Debug|Any CPU
		{1DFCA786-4C0C-4415-8BF3-C6CB1C82F3A4}.Release|Any CPU.ActiveCfg = Release|Any CPU
		{1DFCA786-4C0C-4415-8BF3-C6CB1C82F3A4}.Release|Any CPU.Build.0 = Release|Any CPU
	EndGlobalSection
	GlobalSection(SolutionProperties) = preSolution
		HideSolutionNode = FALSE
	EndGlobalSection
	GlobalSection(ExtensibilityGlobals) = postSolution
		SolutionGuid = {6340D1FB-D973-4992-BFC6-51CF23B7FD91}
	EndGlobalSection
EndGlobal
